
Microsoft Visual Studio Solution File, Format Version 12.00
# Visual Studio Version 17
VisualStudioVersion = 17.7.34221.43
MinimumVisualStudioVersion = 10.0.40219.1
Project("{8BC9CEB8-8B4A-11D0-8D11-00A0C91BC942}") = "Day3", "Day3.vcxproj", "{48590814-0DF7-4BC1-BB6B-FFC3D8BC54C2}"
EndProject
Global
	GlobalSection(SolutionConfigurationPlatforms) = preSolution
		Debug|x64 = Debug|x64
		Debug|x86 = Debug|x86
		Release|x64 = Release|x64
		Release|x86 = Release|x86
	EndGlobalSection
	GlobalSection(ProjectConfigurationPlatforms) = postSolution
		{48590814-0DF7-4BC1-BB6B-FFC3D8BC54C2}.Debug|x64.ActiveCfg = Debug|x64
		{48590814-0DF7-4BC1-BB6B-FFC3D8BC54C2}.Debug|x64.Build.0 = Debug|x64
		{48590814-0DF7-4BC1-BB6B-FFC3D8BC54C2}.Debug|x86.ActiveCfg = Debug|Win32
		{48590814-0DF7-4BC1-BB6B-FFC3D8BC54C2}.Debug|x86.Build.0 = Debug|Win32
		{48590814-0DF7-4BC1-BB6B-FFC3D8BC54C2}.Release|x64.ActiveCfg = Release|x64
		{48590814-0DF7-4BC1-BB6B-FFC3D8BC54C2}.Release|x64.Build.0 = Release|x64
		{48590814-0DF7-4BC1-BB6B-FFC3D8BC54C2}.Release|x86.ActiveCfg = Release|Win32
		{48590814-0DF7-4BC1-BB6B-FFC3D8BC54C2}.Release|x86.Build.0 = Release|Win32
	EndGlobalSection
	GlobalSection(SolutionProperties) = preSolution
		HideSolutionNode = FALSE
	EndGlobalSection
	GlobalSection(ExtensibilityGlobals) = postSolution
		SolutionGuid = {5D7AE9EE-E15A-4331-B9B6-1197855A5DC4}
	EndGlobalSection
EndGlobal
